
Microsoft Visual Studio Solution File, Format Version 12.00
# Visual Studio 15
VisualStudioVersion = 15.0.27703.2047
MinimumVisualStudioVersion = 10.0.40219.1
Project("{8BC9CEB8-8B4A-11D0-8D11-00A0C91BC942}") = "IntroToCppJoshuaH", "IntroToCppJoshuaH\IntroToCppJoshuaH.vcxproj", "{B4F4EFEC-4B59-4C68-BDCD-665686E7A89D}"
EndProject
Project("{8BC9CEB8-8B4A-11D0-8D11-00A0C91BC942}") = "Variables", "Variables\Variables.vcxproj", "{0D711CD4-FCB3-40E7-BB13-2571953AAD83}"
EndProject
Project("{8BC9CEB8-8B4A-11D0-8D11-00A0C91BC942}") = "Conditional", "Conditional\Conditional.vcxproj", "{56CC1F65-D4CD-4164-8FCC-8F2283998784}"
EndProject
Project("{8BC9CEB8-8B4A-11D0-8D11-00A0C91BC942}") = "Loops", "Loops\Loops.vcxproj", "{73C3678C-2D26-4B1E-AF27-7FA9013B400C}"
EndProject
Project("{8BC9CEB8-8B4A-11D0-8D11-00A0C91BC942}") = "Arrays", "Arrays\Arrays.vcxproj", "{C9B58B32-AD15-413B-A0CC-74E652C95DFF}"
EndProject
Project("{8BC9CEB8-8B4A-11D0-8D11-00A0C91BC942}") = "CharacterArrays", "CharacterArrays\CharacterArrays.vcxproj", "{22C8BCC7-6357-46B9-A4E3-DBC82AB6F39A}"
EndProject
Project("{8BC9CEB8-8B4A-11D0-8D11-00A0C91BC942}") = "Functions", "Functions\Functions.vcxproj", "{4A4434DC-52C1-476A-BA1E-BF8E9199939F}"
EndProject
Project("{8BC9CEB8-8B4A-11D0-8D11-00A0C91BC942}") = "Structures", "Structures\Structures.vcxproj", "{EFD6AA31-73C3-46A1-B609-5D8A6B448F7C}"
EndProject
Project("{8BC9CEB8-8B4A-11D0-8D11-00A0C91BC942}") = "Pointers", "Pointers\Pointers.vcxproj", "{0C589973-4B4D-456E-8F24-A91AA3ADB019}"
EndProject
Project("{8BC9CEB8-8B4A-11D0-8D11-00A0C91BC942}") = "References", "References\References.vcxproj", "{5CDC9FFF-C854-4EE0-9128-066CD256A79B}"
EndProject
<<<<<<< HEAD
Project("{8BC9CEB8-8B4A-11D0-8D11-00A0C91BC942}") = "Classes", "Classes\Classes.vcxproj", "{67FA3217-CC5B-4559-8B5F-97FE3A4D1C8D}"
=======
Project("{8BC9CEB8-8B4A-11D0-8D11-00A0C91BC942}") = "Classes", "Classes\Classes.vcxproj", "{1B98A935-1952-41EC-AA1A-101CFABD5BDE}"
>>>>>>> 6f59d8007b517d2111125b82fb0ca5ae2d0de0d1
EndProject
Global
	GlobalSection(SolutionConfigurationPlatforms) = preSolution
		Debug|x64 = Debug|x64
		Debug|x86 = Debug|x86
		Release|x64 = Release|x64
		Release|x86 = Release|x86
	EndGlobalSection
	GlobalSection(ProjectConfigurationPlatforms) = postSolution
		{B4F4EFEC-4B59-4C68-BDCD-665686E7A89D}.Debug|x64.ActiveCfg = Debug|x64
		{B4F4EFEC-4B59-4C68-BDCD-665686E7A89D}.Debug|x64.Build.0 = Debug|x64
		{B4F4EFEC-4B59-4C68-BDCD-665686E7A89D}.Debug|x86.ActiveCfg = Debug|Win32
		{B4F4EFEC-4B59-4C68-BDCD-665686E7A89D}.Debug|x86.Build.0 = Debug|Win32
		{B4F4EFEC-4B59-4C68-BDCD-665686E7A89D}.Release|x64.ActiveCfg = Release|x64
		{B4F4EFEC-4B59-4C68-BDCD-665686E7A89D}.Release|x64.Build.0 = Release|x64
		{B4F4EFEC-4B59-4C68-BDCD-665686E7A89D}.Release|x86.ActiveCfg = Release|Win32
		{B4F4EFEC-4B59-4C68-BDCD-665686E7A89D}.Release|x86.Build.0 = Release|Win32
		{0D711CD4-FCB3-40E7-BB13-2571953AAD83}.Debug|x64.ActiveCfg = Debug|x64
		{0D711CD4-FCB3-40E7-BB13-2571953AAD83}.Debug|x64.Build.0 = Debug|x64
		{0D711CD4-FCB3-40E7-BB13-2571953AAD83}.Debug|x86.ActiveCfg = Debug|Win32
		{0D711CD4-FCB3-40E7-BB13-2571953AAD83}.Debug|x86.Build.0 = Debug|Win32
		{0D711CD4-FCB3-40E7-BB13-2571953AAD83}.Release|x64.ActiveCfg = Release|x64
		{0D711CD4-FCB3-40E7-BB13-2571953AAD83}.Release|x64.Build.0 = Release|x64
		{0D711CD4-FCB3-40E7-BB13-2571953AAD83}.Release|x86.ActiveCfg = Release|Win32
		{0D711CD4-FCB3-40E7-BB13-2571953AAD83}.Release|x86.Build.0 = Release|Win32
		{56CC1F65-D4CD-4164-8FCC-8F2283998784}.Debug|x64.ActiveCfg = Debug|x64
		{56CC1F65-D4CD-4164-8FCC-8F2283998784}.Debug|x64.Build.0 = Debug|x64
		{56CC1F65-D4CD-4164-8FCC-8F2283998784}.Debug|x86.ActiveCfg = Debug|Win32
		{56CC1F65-D4CD-4164-8FCC-8F2283998784}.Debug|x86.Build.0 = Debug|Win32
		{56CC1F65-D4CD-4164-8FCC-8F2283998784}.Release|x64.ActiveCfg = Release|x64
		{56CC1F65-D4CD-4164-8FCC-8F2283998784}.Release|x64.Build.0 = Release|x64
		{56CC1F65-D4CD-4164-8FCC-8F2283998784}.Release|x86.ActiveCfg = Release|Win32
		{56CC1F65-D4CD-4164-8FCC-8F2283998784}.Release|x86.Build.0 = Release|Win32
		{73C3678C-2D26-4B1E-AF27-7FA9013B400C}.Debug|x64.ActiveCfg = Debug|x64
		{73C3678C-2D26-4B1E-AF27-7FA9013B400C}.Debug|x64.Build.0 = Debug|x64
		{73C3678C-2D26-4B1E-AF27-7FA9013B400C}.Debug|x86.ActiveCfg = Debug|Win32
		{73C3678C-2D26-4B1E-AF27-7FA9013B400C}.Debug|x86.Build.0 = Debug|Win32
		{73C3678C-2D26-4B1E-AF27-7FA9013B400C}.Release|x64.ActiveCfg = Release|x64
		{73C3678C-2D26-4B1E-AF27-7FA9013B400C}.Release|x64.Build.0 = Release|x64
		{73C3678C-2D26-4B1E-AF27-7FA9013B400C}.Release|x86.ActiveCfg = Release|Win32
		{73C3678C-2D26-4B1E-AF27-7FA9013B400C}.Release|x86.Build.0 = Release|Win32
		{C9B58B32-AD15-413B-A0CC-74E652C95DFF}.Debug|x64.ActiveCfg = Debug|x64
		{C9B58B32-AD15-413B-A0CC-74E652C95DFF}.Debug|x64.Build.0 = Debug|x64
		{C9B58B32-AD15-413B-A0CC-74E652C95DFF}.Debug|x86.ActiveCfg = Debug|Win32
		{C9B58B32-AD15-413B-A0CC-74E652C95DFF}.Debug|x86.Build.0 = Debug|Win32
		{C9B58B32-AD15-413B-A0CC-74E652C95DFF}.Release|x64.ActiveCfg = Release|x64
		{C9B58B32-AD15-413B-A0CC-74E652C95DFF}.Release|x64.Build.0 = Release|x64
		{C9B58B32-AD15-413B-A0CC-74E652C95DFF}.Release|x86.ActiveCfg = Release|Win32
		{C9B58B32-AD15-413B-A0CC-74E652C95DFF}.Release|x86.Build.0 = Release|Win32
		{22C8BCC7-6357-46B9-A4E3-DBC82AB6F39A}.Debug|x64.ActiveCfg = Debug|x64
		{22C8BCC7-6357-46B9-A4E3-DBC82AB6F39A}.Debug|x64.Build.0 = Debug|x64
		{22C8BCC7-6357-46B9-A4E3-DBC82AB6F39A}.Debug|x86.ActiveCfg = Debug|Win32
		{22C8BCC7-6357-46B9-A4E3-DBC82AB6F39A}.Debug|x86.Build.0 = Debug|Win32
		{22C8BCC7-6357-46B9-A4E3-DBC82AB6F39A}.Release|x64.ActiveCfg = Release|x64
		{22C8BCC7-6357-46B9-A4E3-DBC82AB6F39A}.Release|x64.Build.0 = Release|x64
		{22C8BCC7-6357-46B9-A4E3-DBC82AB6F39A}.Release|x86.ActiveCfg = Release|Win32
		{22C8BCC7-6357-46B9-A4E3-DBC82AB6F39A}.Release|x86.Build.0 = Release|Win32
		{4A4434DC-52C1-476A-BA1E-BF8E9199939F}.Debug|x64.ActiveCfg = Debug|x64
		{4A4434DC-52C1-476A-BA1E-BF8E9199939F}.Debug|x64.Build.0 = Debug|x64
		{4A4434DC-52C1-476A-BA1E-BF8E9199939F}.Debug|x86.ActiveCfg = Debug|Win32
		{4A4434DC-52C1-476A-BA1E-BF8E9199939F}.Debug|x86.Build.0 = Debug|Win32
		{4A4434DC-52C1-476A-BA1E-BF8E9199939F}.Release|x64.ActiveCfg = Release|x64
		{4A4434DC-52C1-476A-BA1E-BF8E9199939F}.Release|x64.Build.0 = Release|x64
		{4A4434DC-52C1-476A-BA1E-BF8E9199939F}.Release|x86.ActiveCfg = Release|Win32
		{4A4434DC-52C1-476A-BA1E-BF8E9199939F}.Release|x86.Build.0 = Release|Win32
		{EFD6AA31-73C3-46A1-B609-5D8A6B448F7C}.Debug|x64.ActiveCfg = Debug|x64
		{EFD6AA31-73C3-46A1-B609-5D8A6B448F7C}.Debug|x64.Build.0 = Debug|x64
		{EFD6AA31-73C3-46A1-B609-5D8A6B448F7C}.Debug|x86.ActiveCfg = Debug|Win32
		{EFD6AA31-73C3-46A1-B609-5D8A6B448F7C}.Debug|x86.Build.0 = Debug|Win32
		{EFD6AA31-73C3-46A1-B609-5D8A6B448F7C}.Release|x64.ActiveCfg = Release|x64
		{EFD6AA31-73C3-46A1-B609-5D8A6B448F7C}.Release|x64.Build.0 = Release|x64
		{EFD6AA31-73C3-46A1-B609-5D8A6B448F7C}.Release|x86.ActiveCfg = Release|Win32
		{EFD6AA31-73C3-46A1-B609-5D8A6B448F7C}.Release|x86.Build.0 = Release|Win32
		{0C589973-4B4D-456E-8F24-A91AA3ADB019}.Debug|x64.ActiveCfg = Debug|x64
		{0C589973-4B4D-456E-8F24-A91AA3ADB019}.Debug|x64.Build.0 = Debug|x64
		{0C589973-4B4D-456E-8F24-A91AA3ADB019}.Debug|x86.ActiveCfg = Debug|Win32
		{0C589973-4B4D-456E-8F24-A91AA3ADB019}.Debug|x86.Build.0 = Debug|Win32
		{0C589973-4B4D-456E-8F24-A91AA3ADB019}.Release|x64.ActiveCfg = Release|x64
		{0C589973-4B4D-456E-8F24-A91AA3ADB019}.Release|x64.Build.0 = Release|x64
		{0C589973-4B4D-456E-8F24-A91AA3ADB019}.Release|x86.ActiveCfg = Release|Win32
		{0C589973-4B4D-456E-8F24-A91AA3ADB019}.Release|x86.Build.0 = Release|Win32
		{5CDC9FFF-C854-4EE0-9128-066CD256A79B}.Debug|x64.ActiveCfg = Debug|x64
		{5CDC9FFF-C854-4EE0-9128-066CD256A79B}.Debug|x64.Build.0 = Debug|x64
		{5CDC9FFF-C854-4EE0-9128-066CD256A79B}.Debug|x86.ActiveCfg = Debug|Win32
		{5CDC9FFF-C854-4EE0-9128-066CD256A79B}.Debug|x86.Build.0 = Debug|Win32
		{5CDC9FFF-C854-4EE0-9128-066CD256A79B}.Release|x64.ActiveCfg = Release|x64
		{5CDC9FFF-C854-4EE0-9128-066CD256A79B}.Release|x64.Build.0 = Release|x64
		{5CDC9FFF-C854-4EE0-9128-066CD256A79B}.Release|x86.ActiveCfg = Release|Win32
		{5CDC9FFF-C854-4EE0-9128-066CD256A79B}.Release|x86.Build.0 = Release|Win32
<<<<<<< HEAD
		{67FA3217-CC5B-4559-8B5F-97FE3A4D1C8D}.Debug|x64.ActiveCfg = Debug|x64
		{67FA3217-CC5B-4559-8B5F-97FE3A4D1C8D}.Debug|x64.Build.0 = Debug|x64
		{67FA3217-CC5B-4559-8B5F-97FE3A4D1C8D}.Debug|x86.ActiveCfg = Debug|Win32
		{67FA3217-CC5B-4559-8B5F-97FE3A4D1C8D}.Debug|x86.Build.0 = Debug|Win32
		{67FA3217-CC5B-4559-8B5F-97FE3A4D1C8D}.Release|x64.ActiveCfg = Release|x64
		{67FA3217-CC5B-4559-8B5F-97FE3A4D1C8D}.Release|x64.Build.0 = Release|x64
		{67FA3217-CC5B-4559-8B5F-97FE3A4D1C8D}.Release|x86.ActiveCfg = Release|Win32
		{67FA3217-CC5B-4559-8B5F-97FE3A4D1C8D}.Release|x86.Build.0 = Release|Win32
=======
		{1B98A935-1952-41EC-AA1A-101CFABD5BDE}.Debug|x64.ActiveCfg = Debug|x64
		{1B98A935-1952-41EC-AA1A-101CFABD5BDE}.Debug|x64.Build.0 = Debug|x64
		{1B98A935-1952-41EC-AA1A-101CFABD5BDE}.Debug|x86.ActiveCfg = Debug|Win32
		{1B98A935-1952-41EC-AA1A-101CFABD5BDE}.Debug|x86.Build.0 = Debug|Win32
		{1B98A935-1952-41EC-AA1A-101CFABD5BDE}.Release|x64.ActiveCfg = Release|x64
		{1B98A935-1952-41EC-AA1A-101CFABD5BDE}.Release|x64.Build.0 = Release|x64
		{1B98A935-1952-41EC-AA1A-101CFABD5BDE}.Release|x86.ActiveCfg = Release|Win32
		{1B98A935-1952-41EC-AA1A-101CFABD5BDE}.Release|x86.Build.0 = Release|Win32
>>>>>>> 6f59d8007b517d2111125b82fb0ca5ae2d0de0d1
	EndGlobalSection
	GlobalSection(SolutionProperties) = preSolution
		HideSolutionNode = FALSE
	EndGlobalSection
	GlobalSection(ExtensibilityGlobals) = postSolution
		SolutionGuid = {08D37558-143B-4AD2-9FF3-AB85500C72C7}
	EndGlobalSection
EndGlobal
